
Microsoft Visual Studio Solution File, Format Version 12.00
# Visual Studio Version 16
VisualStudioVersion = 16.0.30104.148
MinimumVisualStudioVersion = 10.0.40219.1
Project("{FAE04EC0-301F-11D3-BF4B-00C04F79EFBC}") = "RandomPractice1", "RandomPractice1\RandomPractice1.csproj", "{DFD41BF5-D0E5-48F0-AE5C-0A2FBE86E049}"
EndProject
Global
	GlobalSection(SolutionConfigurationPlatforms) = preSolution
		Debug|Any CPU = Debug|Any CPU
		Release|Any CPU = Release|Any CPU
	EndGlobalSection
	GlobalSection(ProjectConfigurationPlatforms) = postSolution
		{DFD41BF5-D0E5-48F0-AE5C-0A2FBE86E049}.Debug|Any CPU.ActiveCfg = Debug|Any CPU
		{DFD41BF5-D0E5-48F0-AE5C-0A2FBE86E049}.Debug|Any CPU.Build.0 = Debug|Any CPU
		{DFD41BF5-D0E5-48F0-AE5C-0A2FBE86E049}.Release|Any CPU.ActiveCfg = Release|Any CPU
		{DFD41BF5-D0E5-48F0-AE5C-0A2FBE86E049}.Release|Any CPU.Build.0 = Release|Any CPU
	EndGlobalSection
	GlobalSection(SolutionProperties) = preSolution
		HideSolutionNode = FALSE
	EndGlobalSection
	GlobalSection(ExtensibilityGlobals) = postSolution
		SolutionGuid = {EE5858A5-AA64-4A3A-B07C-026F97D2A9F4}
	EndGlobalSection
EndGlobal
